
Microsoft Visual Studio Solution File, Format Version 12.00
# Visual Studio Version 17
VisualStudioVersion = 17.5.2.0
MinimumVisualStudioVersion = 10.0.40219.1
Project("{FAE04EC0-301F-11D3-BF4B-00C04F79EFBC}") = "DecoSOP", "DecoSOP.csproj", "{46BEA83C-6879-DFCC-0755-546CF65609F0}"
EndProject
Project("{2150E333-8FDC-42A3-9474-1A3956D46DE8}") = "tests", "tests", "{0AB3BF05-4346-4AA6-1389-037BE0695223}"
EndProject
Project("{FAE04EC0-301F-11D3-BF4B-00C04F79EFBC}") = "DecoSOP.Tests", "tests\DecoSOP.Tests\DecoSOP.Tests.csproj", "{0DF5346E-B713-488C-A9CB-03EE9F602B6E}"
EndProject
Global
	GlobalSection(SolutionConfigurationPlatforms) = preSolution
		Debug|Any CPU = Debug|Any CPU
		Debug|x64 = Debug|x64
		Debug|x86 = Debug|x86
		Release|Any CPU = Release|Any CPU
		Release|x64 = Release|x64
		Release|x86 = Release|x86
	EndGlobalSection
	GlobalSection(ProjectConfigurationPlatforms) = postSolution
		{46BEA83C-6879-DFCC-0755-546CF65609F0}.Debug|Any CPU.ActiveCfg = Debug|Any CPU
		{46BEA83C-6879-DFCC-0755-546CF65609F0}.Debug|Any CPU.Build.0 = Debug|Any CPU
		{46BEA83C-6879-DFCC-0755-546CF65609F0}.Debug|x64.ActiveCfg = Debug|Any CPU
		{46BEA83C-6879-DFCC-0755-546CF65609F0}.Debug|x64.Build.0 = Debug|Any CPU
		{46BEA83C-6879-DFCC-0755-546CF65609F0}.Debug|x86.ActiveCfg = Debug|Any CPU
		{46BEA83C-6879-DFCC-0755-546CF65609F0}.Debug|x86.Build.0 = Debug|Any CPU
		{46BEA83C-6879-DFCC-0755-546CF65609F0}.Release|Any CPU.ActiveCfg = Release|Any CPU
		{46BEA83C-6879-DFCC-0755-546CF65609F0}.Release|Any CPU.Build.0 = Release|Any CPU
		{46BEA83C-6879-DFCC-0755-546CF65609F0}.Release|x64.ActiveCfg = Release|Any CPU
		{46BEA83C-6879-DFCC-0755-546CF65609F0}.Release|x64.Build.0 = Release|Any CPU
		{46BEA83C-6879-DFCC-0755-546CF65609F0}.Release|x86.ActiveCfg = Release|Any CPU
		{46BEA83C-6879-DFCC-0755-546CF65609F0}.Release|x86.Build.0 = Release|Any CPU
		{0DF5346E-B713-488C-A9CB-03EE9F602B6E}.Debug|Any CPU.ActiveCfg = Debug|Any CPU
		{0DF5346E-B713-488C-A9CB-03EE9F602B6E}.Debug|Any CPU.Build.0 = Debug|Any CPU
		{0DF5346E-B713-488C-A9CB-03EE9F602B6E}.Debug|x64.ActiveCfg = Debug|Any CPU
		{0DF5346E-B713-488C-A9CB-03EE9F602B6E}.Debug|x64.Build.0 = Debug|Any CPU
		{0DF5346E-B713-488C-A9CB-03EE9F602B6E}.Debug|x86.ActiveCfg = Debug|Any CPU
		{0DF5346E-B713-488C-A9CB-03EE9F602B6E}.Debug|x86.Build.0 = Debug|Any CPU
		{0DF5346E-B713-488C-A9CB-03EE9F602B6E}.Release|Any CPU.ActiveCfg = Release|Any CPU
		{0DF5346E-B713-488C-A9CB-03EE9F602B6E}.Release|Any CPU.Build.0 = Release|Any CPU
		{0DF5346E-B713-488C-A9CB-03EE9F602B6E}.Release|x64.ActiveCfg = Release|Any CPU
		{0DF5346E-B713-488C-A9CB-03EE9F602B6E}.Release|x64.Build.0 = Release|Any CPU
		{0DF5346E-B713-488C-A9CB-03EE9F602B6E}.Release|x86.ActiveCfg = Release|Any CPU
		{0DF5346E-B713-488C-A9CB-03EE9F602B6E}.Release|x86.Build.0 = Release|Any CPU
	EndGlobalSection
	GlobalSection(SolutionProperties) = preSolution
		HideSolutionNode = FALSE
	EndGlobalSection
	GlobalSection(NestedProjects) = preSolution
		{0DF5346E-B713-488C-A9CB-03EE9F602B6E} = {0AB3BF05-4346-4AA6-1389-037BE0695223}
	EndGlobalSection
	GlobalSection(ExtensibilityGlobals) = postSolution
		SolutionGuid = {10E3AA71-F63B-4BD3-ACED-20756E5227D3}
	EndGlobalSection
EndGlobal
